
Microsoft Visual Studio Solution File, Format Version 12.00
# Visual Studio Version 17
VisualStudioVersion = 17.1.32328.378
MinimumVisualStudioVersion = 10.0.40219.1
Project("{FAE04EC0-301F-11D3-BF4B-00C04F79EFBC}") = "StockAccountManagementSystem", "StockAccountManagementSystem.csproj", "{2958158D-239C-4199-87CF-013B304708CE}"
EndProject
Global
	GlobalSection(SolutionConfigurationPlatforms) = preSolution
		Debug|Any CPU = Debug|Any CPU
		Release|Any CPU = Release|Any CPU
	EndGlobalSection
	GlobalSection(ProjectConfigurationPlatforms) = postSolution
		{2958158D-239C-4199-87CF-013B304708CE}.Debug|Any CPU.ActiveCfg = Debug|Any CPU
		{2958158D-239C-4199-87CF-013B304708CE}.Debug|Any CPU.Build.0 = Debug|Any CPU
		{2958158D-239C-4199-87CF-013B304708CE}.Release|Any CPU.ActiveCfg = Release|Any CPU
		{2958158D-239C-4199-87CF-013B304708CE}.Release|Any CPU.Build.0 = Release|Any CPU
	EndGlobalSection
	GlobalSection(SolutionProperties) = preSolution
		HideSolutionNode = FALSE
	EndGlobalSection
	GlobalSection(ExtensibilityGlobals) = postSolution
		SolutionGuid = {7278E3EF-9761-4776-9697-2E736445B63C}
	EndGlobalSection
EndGlobal
